// !$*UTF8*$!
{
	archiveVersion = 1;
	classes = {
	};
	objectVersion = 77;
	objects = {

/* Begin PBXBuildFile section */
		282D1F3F303DDC20005ECB68 /* Inject in Frameworks */ = {isa = PBXBuildFile; productRef = 282D1F40303DDC20005ECB68 /* Inject */; };
		28AC0A0C2FB3CA67008BAD35 /* Auth in Frameworks */ = {isa = PBXBuildFile; productRef = 28AC0A0B2FB3CA67008BAD35 /* Auth */; };
		28AC0A0E2FB3CA67008BAD35 /* Functions in Frameworks */ = {isa = PBXBuildFile; productRef = 28AC0A0D2FB3CA67008BAD35 /* Functions */; };
		28AC0A102FB3CA67008BAD35 /* PostgREST in Frameworks */ = {isa = PBXBuildFile; productRef = 28AC0A0F2FB3CA67008BAD35 /* PostgREST */; };
		28AC0A122FB3CA67008BAD35 /* Realtime in Frameworks */ = {isa = PBXBuildFile; productRef = 28AC0A112FB3CA67008BAD35 /* Realtime */; };
		28AC0A142FB3CA67008BAD35 /* Storage in Frameworks */ = {isa = PBXBuildFile; productRef = 28AC0A132FB3CA67008BAD35 /* Storage */; };
		28AC0A162FB3CA67008BAD35 /* Supabase in Frameworks */ = {isa = PBXBuildFile; productRef = 28AC0A152FB3CA67008BAD35 /* Supabase */; };
		28ECA003303F000000000001 /* ComposableArchitecture in Frameworks */ = {isa = PBXBuildFile; productRef = 28ECA002303F000000000001 /* ComposableArchitecture */; };
/* End PBXBuildFile section */

/* Begin PBXContainerItemProxy section */
		28B45A032FB3EE7C00F3C562 /* PBXContainerItemProxy */ = {
			isa = PBXContainerItemProxy;
			containerPortal = 2898A1AC2FB3C58D0070C51B /* Project object */;
			proxyType = 1;
			remoteGlobalIDString = 2898A1B32FB3C58D0070C51B;
			remoteInfo = GranaApp;
		};
/* End PBXContainerItemProxy section */

/* Begin PBXFileReference section */
		2898A1B42FB3C58D0070C51B /* GranaApp.app */ = {isa = PBXFileReference; explicitFileType = wrapper.application; includeInIndex = 0; path = GranaApp.app; sourceTree = BUILT_PRODUCTS_DIR; };
		28B459FF2FB3EE7C00F3C562 /* GranaAppTests.xctest */ = {isa = PBXFileReference; explicitFileType = wrapper.cfbundle; includeInIndex = 0; path = GranaAppTests.xctest; sourceTree = BUILT_PRODUCTS_DIR; };
/* End PBXFileReference section */

/* Begin PBXFileSystemSynchronizedRootGroup section */
		2898A1B62FB3C58D0070C51B /* GranaApp */ = {
			isa = PBXFileSystemSynchronizedRootGroup;
			path = GranaApp;
			sourceTree = "<group>";
		};
		28B45A002FB3EE7C00F3C562 /* GranaAppTests */ = {
			isa = PBXFileSystemSynchronizedRootGroup;
			path = GranaAppTests;
			sourceTree = "<group>";
		};
/* End PBXFileSystemSynchronizedRootGroup section */

/* Begin PBXFrameworksBuildPhase section */
		2898A1B12FB3C58D0070C51B /* Frameworks */ = {
			isa = PBXFrameworksBuildPhase;
			buildActionMask = 2147483647;
			files = (
				282D1F3F303DDC20005ECB68 /* Inject in Frameworks */,
				28ECA003303F000000000001 /* ComposableArchitecture in Frameworks */,
				28AC0A122FB3CA67008BAD35 /* Realtime in Frameworks */,
				28AC0A102FB3CA67008BAD35 /* PostgREST in Frameworks */,
				28AC0A0E2FB3CA67008BAD35 /* Functions in Frameworks */,
				28AC0A142FB3CA67008BAD35 /* Storage in Frameworks */,
				28AC0A162FB3CA67008BAD35 /* Supabase in Frameworks */,
				28AC0A0C2FB3CA67008BAD35 /* Auth in Frameworks */,
			);
			runOnlyForDeploymentPostprocessing = 0;
		};
		28B459FC2FB3EE7C00F3C562 /* Frameworks */ = {
			isa = PBXFrameworksBuildPhase;
			buildActionMask = 2147483647;
			files = (
			);
			runOnlyForDeploymentPostprocessing = 0;
		};
/* End PBXFrameworksBuildPhase section */

/* Begin PBXGroup section */
		2898A1AB2FB3C58D0070C51B = {
			isa = PBXGroup;
			children = (
				2898A1B62FB3C58D0070C51B /* GranaApp */,
				28B45A002FB3EE7C00F3C562 /* GranaAppTests */,
				2898A1B52FB3C58D0070C51B /* Products */,
			);
			sourceTree = "<group>";
		};
		2898A1B52FB3C58D0070C51B /* Products */ = {
			isa = PBXGroup;
			children = (
				2898A1B42FB3C58D0070C51B /* GranaApp.app */,
				28B459FF2FB3EE7C00F3C562 /* GranaAppTests.xctest */,
			);
			name = Products;
			sourceTree = "<group>";
		};
/* End PBXGroup section */

/* Begin PBXNativeTarget section */
		2898A1B32FB3C58D0070C51B /* GranaApp */ = {
			isa = PBXNativeTarget;
			buildConfigurationList = 2898A1BF2FB3C58F0070C51B /* Build configuration list for PBXNativeTarget "GranaApp" */;
			buildPhases = (
				2853744D2FC1D409004EB650 /* SwiftLint */,
				2898A1B02FB3C58D0070C51B /* Sources */,
				2898A1B12FB3C58D0070C51B /* Frameworks */,
				2898A1B22FB3C58D0070C51B /* Resources */,
			);
			buildRules = (
			);
			dependencies = (
			);
			fileSystemSynchronizedGroups = (
				2898A1B62FB3C58D0070C51B /* GranaApp */,
			);
			name = GranaApp;
			packageProductDependencies = (
				282D1F40303DDC20005ECB68 /* Inject */,
				28ECA002303F000000000001 /* ComposableArchitecture */,
				28AC0A0B2FB3CA67008BAD35 /* Auth */,
				28AC0A0D2FB3CA67008BAD35 /* Functions */,
				28AC0A0F2FB3CA67008BAD35 /* PostgREST */,
				28AC0A112FB3CA67008BAD35 /* Realtime */,
				28AC0A132FB3CA67008BAD35 /* Storage */,
				28AC0A152FB3CA67008BAD35 /* Supabase */,
			);
			productName = GranaApp;
			productReference = 2898A1B42FB3C58D0070C51B /* GranaApp.app */;
			productType = "com.apple.product-type.application";
		};
		28B459FE2FB3EE7C00F3C562 /* GranaAppTests */ = {
			isa = PBXNativeTarget;
			buildConfigurationList = 28B45A052FB3EE7C00F3C562 /* Build configuration list for PBXNativeTarget "GranaAppTests" */;
			buildPhases = (
				28B459FB2FB3EE7C00F3C562 /* Sources */,
				28B459FC2FB3EE7C00F3C562 /* Frameworks */,
				28B459FD2FB3EE7C00F3C562 /* Resources */,
			);
			buildRules = (
			);
			dependencies = (
				28B45A042FB3EE7C00F3C562 /* PBXTargetDependency */,
			);
			fileSystemSynchronizedGroups = (
				28B45A002FB3EE7C00F3C562 /* GranaAppTests */,
			);
			name = GranaAppTests;
			packageProductDependencies = (
			);
			productName = GranaAppTests;
			productReference = 28B459FF2FB3EE7C00F3C562 /* GranaAppTests.xctest */;
			productType = "com.apple.product-type.bundle.unit-test";
		};
/* End PBXNativeTarget section */

/* Begin PBXProject section */
		2898A1AC2FB3C58D0070C51B /* Project object */ = {
			isa = PBXProject;
			attributes = {
				BuildIndependentTargetsInParallel = 1;
				LastSwiftUpdateCheck = 2620;
				LastUpgradeCheck = 2660;
				TargetAttributes = {
					2898A1B32FB3C58D0070C51B = {
						CreatedOnToolsVersion = 26.2;
					};
					28B459FE2FB3EE7C00F3C562 = {
						CreatedOnToolsVersion = 26.2;
						TestTargetID = 2898A1B32FB3C58D0070C51B;
					};
				};
			};
			buildConfigurationList = 2898A1AF2FB3C58D0070C51B /* Build configuration list for PBXProject "GranaApp" */;
			developmentRegion = en;
			hasScannedForEncodings = 0;
			knownRegions = (
				en,
				Base,
			);
			mainGroup = 2898A1AB2FB3C58D0070C51B;
			minimizedProjectReferenceProxies = 1;
			packageReferences = (
				28AC0A0A2FB3CA67008BAD35 /* XCRemoteSwiftPackageReference "supabase-swift" */,
				282D1F3E303DDC20005ECB68 /* XCRemoteSwiftPackageReference "Inject" */,
				28ECA001303F000000000001 /* XCRemoteSwiftPackageReference "swift-composable-architecture" */,
			);
			preferredProjectObjectVersion = 77;
			productRefGroup = 2898A1B52FB3C58D0070C51B /* Products */;
			projectDirPath = "";
			projectRoot = "";
			targets = (
				2898A1B32FB3C58D0070C51B /* GranaApp */,
				28B459FE2FB3EE7C00F3C562 /* GranaAppTests */,
			);
		};
/* End PBXProject section */

/* Begin PBXResourcesBuildPhase section */
		2898A1B22FB3C58D0070C51B /* Resources */ = {
			isa = PBXResourcesBuildPhase;
			buildActionMask = 2147483647;
			files = (
			);
			runOnlyForDeploymentPostprocessing = 0;
		};
		28B459FD2FB3EE7C00F3C562 /* Resources */ = {
			isa = PBXResourcesBuildPhase;
			buildActionMask = 2147483647;
			files = (
			);
			runOnlyForDeploymentPostprocessing = 0;
		};
/* End PBXResourcesBuildPhase section */

/* Begin PBXShellScriptBuildPhase section */
		2853744D2FC1D409004EB650 /* SwiftLint */ = {
			isa = PBXShellScriptBuildPhase;
			alwaysOutOfDate = 1;
			buildActionMask = 2147483647;
			files = (
			);
			inputFileListPaths = (
			);
			inputPaths = (
			);
			name = SwiftLint;
			outputFileListPaths = (
			);
			outputPaths = (
			);
			runOnlyForDeploymentPostprocessing = 0;
			shellPath = /bin/sh;
			shellScript = "if command -v swiftlint >/dev/null 2>&1; then\n    swiftlint\nelif [ -x /opt/homebrew/bin/swiftlint ]; then\n    /opt/homebrew/bin/swiftlint\nelif [ -x /usr/local/bin/swiftlint ]; then\n    /usr/local/bin/swiftlint\nelse\n    echo \"warning: SwiftLint não instalado — instalar com: brew install swiftlint\"\nfi\n";
		};
/* End PBXShellScriptBuildPhase section */

/* Begin PBXSourcesBuildPhase section */
		2898A1B02FB3C58D0070C51B /* Sources */ = {
			isa = PBXSourcesBuildPhase;
			buildActionMask = 2147483647;
			files = (
			);
			runOnlyForDeploymentPostprocessing = 0;
		};
		28B459FB2FB3EE7C00F3C562 /* Sources */ = {
			isa = PBXSourcesBuildPhase;
			buildActionMask = 2147483647;
			files = (
			);
			runOnlyForDeploymentPostprocessing = 0;
		};
/* End PBXSourcesBuildPhase section */

/* Begin PBXTargetDependency section */
		28B45A042FB3EE7C00F3C562 /* PBXTargetDependency */ = {
			isa = PBXTargetDependency;
			target = 2898A1B32FB3C58D0070C51B /* GranaApp */;
			targetProxy = 28B45A032FB3EE7C00F3C562 /* PBXContainerItemProxy */;
		};
/* End PBXTargetDependency section */

/* Begin XCBuildConfiguration section */
		2898A1BD2FB3C58F0070C51B /* Debug */ = {
			isa = XCBuildConfiguration;
			buildSettings = {
				ALWAYS_SEARCH_USER_PATHS = NO;
				ASSETCATALOG_COMPILER_GENERATE_SWIFT_ASSET_SYMBOL_EXTENSIONS = YES;
				CLANG_ANALYZER_NONNULL = YES;
				CLANG_ANALYZER_NUMBER_OBJECT_CONVERSION = YES_AGGRESSIVE;
				CLANG_CXX_LANGUAGE_STANDARD = "gnu++20";
				CLANG_ENABLE_MODULES = YES;
				CLANG_ENABLE_OBJC_ARC = YES;
				CLANG_ENABLE_OBJC_WEAK = YES;
				CLANG_WARN_BLOCK_CAPTURE_AUTORELEASING = YES;
				CLANG_WARN_BOOL_CONVERSION = YES;
				CLANG_WARN_COMMA = YES;
				CLANG_WARN_CONSTANT_CONVERSION = YES;
				CLANG_WARN_DEPRECATED_OBJC_IMPLEMENTATIONS = YES;
				CLANG_WARN_DIRECT_OBJC_ISA_USAGE = YES_ERROR;
				CLANG_WARN_DOCUMENTATION_COMMENTS = YES;
				CLANG_WARN_EMPTY_BODY = YES;
				CLANG_WARN_ENUM_CONVERSION = YES;
				CLANG_WARN_INFINITE_RECURSION = YES;
				CLANG_WARN_INT_CONVERSION = YES;
				CLANG_WARN_NON_LITERAL_NULL_CONVERSION = YES;
				CLANG_WARN_OBJC_IMPLICIT_RETAIN_SELF = YES;
				CLANG_WARN_OBJC_LITERAL_CONVERSION = YES;
				CLANG_WARN_OBJC_ROOT_CLASS = YES_ERROR;
				CLANG_WARN_QUOTED_INCLUDE_IN_FRAMEWORK_HEADER = YES;
				CLANG_WARN_RANGE_LOOP_ANALYSIS = YES;
				CLANG_WARN_STRICT_PROTOTYPES = YES;
				CLANG_WARN_SUSPICIOUS_MOVE = YES;
				CLANG_WARN_UNGUARDED_AVAILABILITY = YES_AGGRESSIVE;
				CLANG_WARN_UNREACHABLE_CODE = YES;
				CLANG_WARN__DUPLICATE_METHOD_MATCH = YES;
				COPY_PHASE_STRIP = NO;
				DEAD_CODE_STRIPPING = YES;
				DEBUG_INFORMATION_FORMAT = dwarf;
				DEVELOPMENT_TEAM = T5XD7VVVN2;
				ENABLE_STRICT_OBJC_MSGSEND = YES;
				ENABLE_TESTABILITY = YES;
				ENABLE_USER_SCRIPT_SANDBOXING = YES;
				GCC_C_LANGUAGE_STANDARD = gnu17;
				GCC_DYNAMIC_NO_PIC = NO;
				GCC_NO_COMMON_BLOCKS = YES;
				GCC_OPTIMIZATION_LEVEL = 0;
				GCC_PREPROCESSOR_DEFINITIONS = (
					"DEBUG=1",
					"$(inherited)",
				);
				GCC_WARN_64_TO_32_BIT_CONVERSION = YES;
				GCC_WARN_ABOUT_RETURN_TYPE = YES_ERROR;
				GCC_WARN_UNDECLARED_SELECTOR = YES;
				GCC_WARN_UNINITIALIZED_AUTOS = YES_AGGRESSIVE;
				GCC_WARN_UNUSED_FUNCTION = YES;
				GCC_WARN_UNUSED_VARIABLE = YES;
				LOCALIZATION_PREFERS_STRING_CATALOGS = YES;
				MTL_ENABLE_DEBUG_INFO = INCLUDE_SOURCE;
				MTL_FAST_MATH = YES;
				ONLY_ACTIVE_ARCH = YES;
				STRING_CATALOG_GENERATE_SYMBOLS = YES;
				SWIFT_ACTIVE_COMPILATION_CONDITIONS = "DEBUG $(inherited)";
				SWIFT_OPTIMIZATION_LEVEL = "-Onone";
			};
			name = Debug;
		};
		2898A1BE2FB3C58F0070C51B /* Release */ = {
			isa = XCBuildConfiguration;
			buildSettings = {
				ALWAYS_SEARCH_USER_PATHS = NO;
				ASSETCATALOG_COMPILER_GENERATE_SWIFT_ASSET_SYMBOL_EXTENSIONS = YES;
				CLANG_ANALYZER_NONNULL = YES;
				CLANG_ANALYZER_NUMBER_OBJECT_CONVERSION = YES_AGGRESSIVE;
				CLANG_CXX_LANGUAGE_STANDARD = "gnu++20";
				CLANG_ENABLE_MODULES = YES;
				CLANG_ENABLE_OBJC_ARC = YES;
				CLANG_ENABLE_OBJC_WEAK = YES;
				CLANG_WARN_BLOCK_CAPTURE_AUTORELEASING = YES;
				CLANG_WARN_BOOL_CONVERSION = YES;
				CLANG_WARN_COMMA = YES;
				CLANG_WARN_CONSTANT_CONVERSION = YES;
				CLANG_WARN_DEPRECATED_OBJC_IMPLEMENTATIONS = YES;
				CLANG_WARN_DIRECT_OBJC_ISA_USAGE = YES_ERROR;
				CLANG_WARN_DOCUMENTATION_COMMENTS = YES;
				CLANG_WARN_EMPTY_BODY = YES;
				CLANG_WARN_ENUM_CONVERSION = YES;
				CLANG_WARN_INFINITE_RECURSION = YES;
				CLANG_WARN_INT_CONVERSION = YES;
				CLANG_WARN_NON_LITERAL_NULL_CONVERSION = YES;
				CLANG_WARN_OBJC_IMPLICIT_RETAIN_SELF = YES;
				CLANG_WARN_OBJC_LITERAL_CONVERSION = YES;
				CLANG_WARN_OBJC_ROOT_CLASS = YES_ERROR;
				CLANG_WARN_QUOTED_INCLUDE_IN_FRAMEWORK_HEADER = YES;
				CLANG_WARN_RANGE_LOOP_ANALYSIS = YES;
				CLANG_WARN_STRICT_PROTOTYPES = YES;
				CLANG_WARN_SUSPICIOUS_MOVE = YES;
				CLANG_WARN_UNGUARDED_AVAILABILITY = YES_AGGRESSIVE;
				CLANG_WARN_UNREACHABLE_CODE = YES;
				CLANG_WARN__DUPLICATE_METHOD_MATCH = YES;
				COPY_PHASE_STRIP = NO;
				DEAD_CODE_STRIPPING = YES;
				DEBUG_INFORMATION_FORMAT = "dwarf-with-dsym";
				DEVELOPMENT_TEAM = T5XD7VVVN2;
				ENABLE_NS_ASSERTIONS = NO;
				ENABLE_STRICT_OBJC_MSGSEND = YES;
				ENABLE_USER_SCRIPT_SANDBOXING = YES;
				GCC_C_LANGUAGE_STANDARD = gnu17;
				GCC_NO_COMMON_BLOCKS = YES;
				GCC_WARN_64_TO_32_BIT_CONVERSION = YES;
				GCC_WARN_ABOUT_RETURN_TYPE = YES_ERROR;
				GCC_WARN_UNDECLARED_SELECTOR = YES;
				GCC_WARN_UNINITIALIZED_AUTOS = YES_AGGRESSIVE;
				GCC_WARN_UNUSED_FUNCTION = YES;
				GCC_WARN_UNUSED_VARIABLE = YES;
				LOCALIZATION_PREFERS_STRING_CATALOGS = YES;
				MTL_ENABLE_DEBUG_INFO = NO;
				MTL_FAST_MATH = YES;
				STRING_CATALOG_GENERATE_SYMBOLS = YES;
				SWIFT_COMPILATION_MODE = wholemodule;
			};
			name = Release;
		};
		2898A1C02FB3C58F0070C51B /* Debug */ = {
			isa = XCBuildConfiguration;
			buildSettings = {
				ASSETCATALOG_COMPILER_APPICON_NAME = AppIcon;
				ASSETCATALOG_COMPILER_GLOBAL_ACCENT_COLOR_NAME = AccentColor;
				CODE_SIGN_IDENTITY = "Apple Development";
				"CODE_SIGN_IDENTITY[sdk=macosx*]" = "-";
				CODE_SIGN_STYLE = Automatic;
				CURRENT_PROJECT_VERSION = 1;
				DEAD_CODE_STRIPPING = YES;
				DEVELOPMENT_TEAM = T5XD7VVVN2;
				ENABLE_APP_SANDBOX = NO;
				ENABLE_HARDENED_RUNTIME = YES;
				ENABLE_PREVIEWS = YES;
				ENABLE_USER_SCRIPT_SANDBOXING = NO;
				GENERATE_INFOPLIST_FILE = NO;
				INFOPLIST_FILE = "GranaApp-Info.plist";
				"INFOPLIST_KEY_UIApplicationSceneManifest_Generation[sdk=iphoneos*]" = YES;
				"INFOPLIST_KEY_UIApplicationSceneManifest_Generation[sdk=iphonesimulator*]" = YES;
				"INFOPLIST_KEY_UIApplicationSupportsIndirectInputEvents[sdk=iphoneos*]" = YES;
				"INFOPLIST_KEY_UIApplicationSupportsIndirectInputEvents[sdk=iphonesimulator*]" = YES;
				"INFOPLIST_KEY_UILaunchScreen_Generation[sdk=iphoneos*]" = YES;
				"INFOPLIST_KEY_UILaunchScreen_Generation[sdk=iphonesimulator*]" = YES;
				"INFOPLIST_KEY_UIStatusBarStyle[sdk=iphoneos*]" = UIStatusBarStyleDefault;
				"INFOPLIST_KEY_UIStatusBarStyle[sdk=iphonesimulator*]" = UIStatusBarStyleDefault;
				INFOPLIST_KEY_UISupportedInterfaceOrientations_iPad = "UIInterfaceOrientationPortrait UIInterfaceOrientationPortraitUpsideDown UIInterfaceOrientationLandscapeLeft UIInterfaceOrientationLandscapeRight";
				INFOPLIST_KEY_UISupportedInterfaceOrientations_iPhone = "UIInterfaceOrientationPortrait UIInterfaceOrientationLandscapeLeft UIInterfaceOrientationLandscapeRight";
				IPHONEOS_DEPLOYMENT_TARGET = 26.2;
				LD_RUNPATH_SEARCH_PATHS = "@executable_path/Frameworks";
				"LD_RUNPATH_SEARCH_PATHS[sdk=macosx*]" = "@executable_path/../Frameworks";
				MACOSX_DEPLOYMENT_TARGET = 26.1;
				MARKETING_VERSION = 1.0;
				PRODUCT_BUNDLE_IDENTIFIER = com.igorfurtado.GranaApp;
				PRODUCT_NAME = "$(TARGET_NAME)";
				PROVISIONING_PROFILE_SPECIFIER = "";
				REGISTER_APP_GROUPS = YES;
				SDKROOT = auto;
				STRING_CATALOG_GENERATE_SYMBOLS = YES;
				SUPPORTED_PLATFORMS = macosx;
				SUPPORTS_MACCATALYST = NO;
				SWIFT_APPROACHABLE_CONCURRENCY = YES;
				SWIFT_DEFAULT_ACTOR_ISOLATION = MainActor;
				SWIFT_EMIT_LOC_STRINGS = YES;
				SWIFT_UPCOMING_FEATURE_MEMBER_IMPORT_VISIBILITY = YES;
				SWIFT_VERSION = 5.0;
				XROS_DEPLOYMENT_TARGET = 26.2;
			};
			name = Debug;
		};
		2898A1C12FB3C58F0070C51B /* Release */ = {
			isa = XCBuildConfiguration;
			buildSettings = {
				ASSETCATALOG_COMPILER_APPICON_NAME = AppIcon;
				ASSETCATALOG_COMPILER_GLOBAL_ACCENT_COLOR_NAME = AccentColor;
				CODE_SIGN_IDENTITY = "Apple Development";
				"CODE_SIGN_IDENTITY[sdk=macosx*]" = "-";
				CODE_SIGN_STYLE = Automatic;
				CURRENT_PROJECT_VERSION = 1;
				DEAD_CODE_STRIPPING = YES;
				DEVELOPMENT_TEAM = T5XD7VVVN2;
				ENABLE_APP_SANDBOX = NO;
				ENABLE_HARDENED_RUNTIME = YES;
				ENABLE_PREVIEWS = YES;
				ENABLE_USER_SCRIPT_SANDBOXING = NO;
				GENERATE_INFOPLIST_FILE = NO;
				INFOPLIST_FILE = "GranaApp-Info.plist";
				"INFOPLIST_KEY_UIApplicationSceneManifest_Generation[sdk=iphoneos*]" = YES;
				"INFOPLIST_KEY_UIApplicationSceneManifest_Generation[sdk=iphonesimulator*]" = YES;
				"INFOPLIST_KEY_UIApplicationSupportsIndirectInputEvents[sdk=iphoneos*]" = YES;
				"INFOPLIST_KEY_UIApplicationSupportsIndirectInputEvents[sdk=iphonesimulator*]" = YES;
				"INFOPLIST_KEY_UILaunchScreen_Generation[sdk=iphoneos*]" = YES;
				"INFOPLIST_KEY_UILaunchScreen_Generation[sdk=iphonesimulator*]" = YES;
				"INFOPLIST_KEY_UIStatusBarStyle[sdk=iphoneos*]" = UIStatusBarStyleDefault;
				"INFOPLIST_KEY_UIStatusBarStyle[sdk=iphonesimulator*]" = UIStatusBarStyleDefault;
				INFOPLIST_KEY_UISupportedInterfaceOrientations_iPad = "UIInterfaceOrientationPortrait UIInterfaceOrientationPortraitUpsideDown UIInterfaceOrientationLandscapeLeft UIInterfaceOrientationLandscapeRight";
				INFOPLIST_KEY_UISupportedInterfaceOrientations_iPhone = "UIInterfaceOrientationPortrait UIInterfaceOrientationLandscapeLeft UIInterfaceOrientationLandscapeRight";
				IPHONEOS_DEPLOYMENT_TARGET = 26.2;
				LD_RUNPATH_SEARCH_PATHS = "@executable_path/Frameworks";
				"LD_RUNPATH_SEARCH_PATHS[sdk=macosx*]" = "@executable_path/../Frameworks";
				MACOSX_DEPLOYMENT_TARGET = 26.1;
				MARKETING_VERSION = 1.0;
				PRODUCT_BUNDLE_IDENTIFIER = com.igorfurtado.GranaApp;
				PRODUCT_NAME = "$(TARGET_NAME)";
				PROVISIONING_PROFILE_SPECIFIER = "";
				REGISTER_APP_GROUPS = YES;
				SDKROOT = auto;
				STRING_CATALOG_GENERATE_SYMBOLS = YES;
				SUPPORTED_PLATFORMS = macosx;
				SUPPORTS_MACCATALYST = NO;
				SWIFT_APPROACHABLE_CONCURRENCY = YES;
				SWIFT_DEFAULT_ACTOR_ISOLATION = MainActor;
				SWIFT_EMIT_LOC_STRINGS = YES;
				SWIFT_UPCOMING_FEATURE_MEMBER_IMPORT_VISIBILITY = YES;
				SWIFT_VERSION = 5.0;
				XROS_DEPLOYMENT_TARGET = 26.2;
			};
			name = Release;
		};
		28B45A062FB3EE7C00F3C562 /* Debug */ = {
			isa = XCBuildConfiguration;
			buildSettings = {
				BUNDLE_LOADER = "$(TEST_HOST)";
				"CODE_SIGN_IDENTITY[sdk=macosx*]" = "-";
				CODE_SIGN_STYLE = Automatic;
				CURRENT_PROJECT_VERSION = 1;
				DEAD_CODE_STRIPPING = YES;
				DEVELOPMENT_TEAM = T5XD7VVVN2;
				GENERATE_INFOPLIST_FILE = YES;
				IPHONEOS_DEPLOYMENT_TARGET = 26.2;
				MACOSX_DEPLOYMENT_TARGET = 26.1;
				MARKETING_VERSION = 1.0;
				PRODUCT_BUNDLE_IDENTIFIER = com.igorfurtado.GranaAppTests;
				PRODUCT_NAME = "$(TARGET_NAME)";
				SDKROOT = auto;
				STRING_CATALOG_GENERATE_SYMBOLS = NO;
				SUPPORTED_PLATFORMS = "iphoneos iphonesimulator macosx xros xrsimulator";
				SWIFT_APPROACHABLE_CONCURRENCY = YES;
				SWIFT_EMIT_LOC_STRINGS = NO;
				SWIFT_UPCOMING_FEATURE_MEMBER_IMPORT_VISIBILITY = YES;
				SWIFT_VERSION = 5.0;
				TARGETED_DEVICE_FAMILY = "1,2,7";
				TEST_HOST = "$(BUILT_PRODUCTS_DIR)/GranaApp.app/$(BUNDLE_EXECUTABLE_FOLDER_PATH)/GranaApp";
				XROS_DEPLOYMENT_TARGET = 26.2;
			};
			name = Debug;
		};
		28B45A072FB3EE7C00F3C562 /* Release */ = {
			isa = XCBuildConfiguration;
			buildSettings = {
				BUNDLE_LOADER = "$(TEST_HOST)";
				"CODE_SIGN_IDENTITY[sdk=macosx*]" = "-";
				CODE_SIGN_STYLE = Automatic;
				CURRENT_PROJECT_VERSION = 1;
				DEAD_CODE_STRIPPING = YES;
				DEVELOPMENT_TEAM = T5XD7VVVN2;
				GENERATE_INFOPLIST_FILE = YES;
				IPHONEOS_DEPLOYMENT_TARGET = 26.2;
				MACOSX_DEPLOYMENT_TARGET = 26.1;
				MARKETING_VERSION = 1.0;
				PRODUCT_BUNDLE_IDENTIFIER = com.igorfurtado.GranaAppTests;
				PRODUCT_NAME = "$(TARGET_NAME)";
				SDKROOT = auto;
				STRING_CATALOG_GENERATE_SYMBOLS = NO;
				SUPPORTED_PLATFORMS = "iphoneos iphonesimulator macosx xros xrsimulator";
				SWIFT_APPROACHABLE_CONCURRENCY = YES;
				SWIFT_EMIT_LOC_STRINGS = NO;
				SWIFT_UPCOMING_FEATURE_MEMBER_IMPORT_VISIBILITY = YES;
				SWIFT_VERSION = 5.0;
				TARGETED_DEVICE_FAMILY = "1,2,7";
				TEST_HOST = "$(BUILT_PRODUCTS_DIR)/GranaApp.app/$(BUNDLE_EXECUTABLE_FOLDER_PATH)/GranaApp";
				XROS_DEPLOYMENT_TARGET = 26.2;
			};
			name = Release;
		};
/* End XCBuildConfiguration section */

/* Begin XCConfigurationList section */
		2898A1AF2FB3C58D0070C51B /* Build configuration list for PBXProject "GranaApp" */ = {
			isa = XCConfigurationList;
			buildConfigurations = (
				2898A1BD2FB3C58F0070C51B /* Debug */,
				2898A1BE2FB3C58F0070C51B /* Release */,
			);
			defaultConfigurationIsVisible = 0;
			defaultConfigurationName = Release;
		};
		2898A1BF2FB3C58F0070C51B /* Build configuration list for PBXNativeTarget "GranaApp" */ = {
			isa = XCConfigurationList;
			buildConfigurations = (
				2898A1C02FB3C58F0070C51B /* Debug */,
				2898A1C12FB3C58F0070C51B /* Release */,
			);
			defaultConfigurationIsVisible = 0;
			defaultConfigurationName = Release;
		};
		28B45A052FB3EE7C00F3C562 /* Build configuration list for PBXNativeTarget "GranaAppTests" */ = {
			isa = XCConfigurationList;
			buildConfigurations = (
				28B45A062FB3EE7C00F3C562 /* Debug */,
				28B45A072FB3EE7C00F3C562 /* Release */,
			);
			defaultConfigurationIsVisible = 0;
			defaultConfigurationName = Release;
		};
/* End XCConfigurationList section */

/* Begin XCRemoteSwiftPackageReference section */
		282D1F3E303DDC20005ECB68 /* XCRemoteSwiftPackageReference "Inject" */ = {
			isa = XCRemoteSwiftPackageReference;
			repositoryURL = "https://github.com/krzysztofzablocki/Inject.git";
			requirement = {
				kind = upToNextMajorVersion;
				minimumVersion = 1.6.0;
			};
		};
		28AC0A0A2FB3CA67008BAD35 /* XCRemoteSwiftPackageReference "supabase-swift" */ = {
			isa = XCRemoteSwiftPackageReference;
			repositoryURL = "https://github.com/supabase/supabase-swift";
			requirement = {
				kind = upToNextMajorVersion;
				minimumVersion = 2.5.1;
			};
		};
		28ECA001303F000000000001 /* XCRemoteSwiftPackageReference "swift-composable-architecture" */ = {
			isa = XCRemoteSwiftPackageReference;
			repositoryURL = "https://github.com/pointfreeco/swift-composable-architecture";
			requirement = {
				kind = upToNextMajorVersion;
				minimumVersion = 1.26.1;
			};
		};
/* End XCRemoteSwiftPackageReference section */

/* Begin XCSwiftPackageProductDependency section */
		282D1F40303DDC20005ECB68 /* Inject */ = {
			isa = XCSwiftPackageProductDependency;
			package = 282D1F3E303DDC20005ECB68 /* XCRemoteSwiftPackageReference "Inject" */;
			productName = Inject;
		};
		28AC0A0B2FB3CA67008BAD35 /* Auth */ = {
			isa = XCSwiftPackageProductDependency;
			package = 28AC0A0A2FB3CA67008BAD35 /* XCRemoteSwiftPackageReference "supabase-swift" */;
			productName = Auth;
		};
		28AC0A0D2FB3CA67008BAD35 /* Functions */ = {
			isa = XCSwiftPackageProductDependency;
			package = 28AC0A0A2FB3CA67008BAD35 /* XCRemoteSwiftPackageReference "supabase-swift" */;
			productName = Functions;
		};
		28AC0A0F2FB3CA67008BAD35 /* PostgREST */ = {
			isa = XCSwiftPackageProductDependency;
			package = 28AC0A0A2FB3CA67008BAD35 /* XCRemoteSwiftPackageReference "supabase-swift" */;
			productName = PostgREST;
		};
		28AC0A112FB3CA67008BAD35 /* Realtime */ = {
			isa = XCSwiftPackageProductDependency;
			package = 28AC0A0A2FB3CA67008BAD35 /* XCRemoteSwiftPackageReference "supabase-swift" */;
			productName = Realtime;
		};
		28AC0A132FB3CA67008BAD35 /* Storage */ = {
			isa = XCSwiftPackageProductDependency;
			package = 28AC0A0A2FB3CA67008BAD35 /* XCRemoteSwiftPackageReference "supabase-swift" */;
			productName = Storage;
		};
		28AC0A152FB3CA67008BAD35 /* Supabase */ = {
			isa = XCSwiftPackageProductDependency;
			package = 28AC0A0A2FB3CA67008BAD35 /* XCRemoteSwiftPackageReference "supabase-swift" */;
			productName = Supabase;
		};
		28ECA002303F000000000001 /* ComposableArchitecture */ = {
			isa = XCSwiftPackageProductDependency;
			package = 28ECA001303F000000000001 /* XCRemoteSwiftPackageReference "swift-composable-architecture" */;
			productName = ComposableArchitecture;
		};
/* End XCSwiftPackageProductDependency section */
	};
	rootObject = 2898A1AC2FB3C58D0070C51B /* Project object */;
}
